
Microsoft Visual Studio Solution File, Format Version 12.00
# Visual Studio Version 17
VisualStudioVersion = 17.2.32630.192
MinimumVisualStudioVersion = 10.0.40219.1
Project("{FAE04EC0-301F-11D3-BF4B-00C04F79EFBC}") = "MessageSender", "MessageSender\MessageSender.csproj", "{E4DE680C-E844-4732-86C1-62916012F9AA}"
EndProject
Global
	GlobalSection(SolutionConfigurationPlatforms) = preSolution
		Debug|Any CPU = Debug|Any CPU
		Release|Any CPU = Release|Any CPU
	EndGlobalSection
	GlobalSection(ProjectConfigurationPlatforms) = postSolution
		{E4DE680C-E844-4732-86C1-62916012F9AA}.Debug|Any CPU.ActiveCfg = Debug|Any CPU
		{E4DE680C-E844-4732-86C1-62916012F9AA}.Debug|Any CPU.Build.0 = Debug|Any CPU
		{E4DE680C-E844-4732-86C1-62916012F9AA}.Release|Any CPU.ActiveCfg = Release|Any CPU
		{E4DE680C-E844-4732-86C1-62916012F9AA}.Release|Any CPU.Build.0 = Release|Any CPU
	EndGlobalSection
	GlobalSection(SolutionProperties) = preSolution
		HideSolutionNode = FALSE
	EndGlobalSection
	GlobalSection(ExtensibilityGlobals) = postSolution
		SolutionGuid = {2824F6D1-7F3B-48A6-944C-3A88F33DBD3C}
	EndGlobalSection
EndGlobal
